
Microsoft Visual Studio Solution File, Format Version 12.00
# Visual Studio Version 17
VisualStudioVersion = 17.7.34221.43
MinimumVisualStudioVersion = 10.0.40219.1
Project("{FAE04EC0-301F-11D3-BF4B-00C04F79EFBC}") = "Home Applicant Shop", "Home Applicant Shop\Home Applicant Shop.csproj", "{CD8B5E2B-274B-4ECB-8CCD-5D2928D0AD2D}"
EndProject
Global
	GlobalSection(SolutionConfigurationPlatforms) = preSolution
		Debug|Any CPU = Debug|Any CPU
		Release|Any CPU = Release|Any CPU
	EndGlobalSection
	GlobalSection(ProjectConfigurationPlatforms) = postSolution
		{CD8B5E2B-274B-4ECB-8CCD-5D2928D0AD2D}.Debug|Any CPU.ActiveCfg = Debug|Any CPU
		{CD8B5E2B-274B-4ECB-8CCD-5D2928D0AD2D}.Debug|Any CPU.Build.0 = Debug|Any CPU
		{CD8B5E2B-274B-4ECB-8CCD-5D2928D0AD2D}.Release|Any CPU.ActiveCfg = Release|Any CPU
		{CD8B5E2B-274B-4ECB-8CCD-5D2928D0AD2D}.Release|Any CPU.Build.0 = Release|Any CPU
	EndGlobalSection
	GlobalSection(SolutionProperties) = preSolution
		HideSolutionNode = FALSE
	EndGlobalSection
	GlobalSection(ExtensibilityGlobals) = postSolution
		SolutionGuid = {8137510B-8F8F-4031-9079-15D393155618}
	EndGlobalSection
EndGlobal
